
Microsoft Visual Studio Solution File, Format Version 12.00
# Visual Studio 15
VisualStudioVersion = 15.0.27703.2042
MinimumVisualStudioVersion = 10.0.40219.1
Project("{9092AA53-FB77-4645-B42D-1CCCA6BD08BD}") = "v1_5", "v1_5.njsproj", "{495F55B5-E48C-49D8-89E1-D63FAE46027B}"
EndProject
Global
	GlobalSection(SolutionConfigurationPlatforms) = preSolution
		Debug|Any CPU = Debug|Any CPU
		Release|Any CPU = Release|Any CPU
	EndGlobalSection
	GlobalSection(ProjectConfigurationPlatforms) = postSolution
		{495F55B5-E48C-49D8-89E1-D63FAE46027B}.Debug|Any CPU.ActiveCfg = Debug|Any CPU
		{495F55B5-E48C-49D8-89E1-D63FAE46027B}.Debug|Any CPU.Build.0 = Debug|Any CPU
		{495F55B5-E48C-49D8-89E1-D63FAE46027B}.Release|Any CPU.ActiveCfg = Release|Any CPU
		{495F55B5-E48C-49D8-89E1-D63FAE46027B}.Release|Any CPU.Build.0 = Release|Any CPU
	EndGlobalSection
	GlobalSection(SolutionProperties) = preSolution
		HideSolutionNode = FALSE
	EndGlobalSection
	GlobalSection(ExtensibilityGlobals) = postSolution
		SolutionGuid = {2BB00680-C7DE-4F38-8AA5-4F62319072A4}
	EndGlobalSection
EndGlobal
